
Microsoft Visual Studio Solution File, Format Version 12.00
# Visual Studio Version 17
VisualStudioVersion = 17.6.33829.357
MinimumVisualStudioVersion = 10.0.40219.1
Project("{9A19103F-16F7-4668-BE54-9A1E7A4F7556}") = "EntranceManagement", "EntranceManagement\EntranceManagement.csproj", "{FAB555C2-5968-4167-8C1E-5F1A205B3487}"
EndProject
Project("{54435603-DBB4-11D2-8724-00A0C9A8B90C}") = "EntranceManagementSetup", "EntranceManagementSetup\EntranceManagementSetup.vdproj", "{4588C5FD-C31F-45A3-931F-AC3BEE5A1681}"
EndProject
Global
	GlobalSection(SolutionConfigurationPlatforms) = preSolution
		Debug|Any CPU = Debug|Any CPU
		Release|Any CPU = Release|Any CPU
	EndGlobalSection
	GlobalSection(ProjectConfigurationPlatforms) = postSolution
		{FAB555C2-5968-4167-8C1E-5F1A205B3487}.Debug|Any CPU.ActiveCfg = Debug|Any CPU
		{FAB555C2-5968-4167-8C1E-5F1A205B3487}.Debug|Any CPU.Build.0 = Debug|Any CPU
		{FAB555C2-5968-4167-8C1E-5F1A205B3487}.Release|Any CPU.ActiveCfg = Release|Any CPU
		{FAB555C2-5968-4167-8C1E-5F1A205B3487}.Release|Any CPU.Build.0 = Release|Any CPU
		{4588C5FD-C31F-45A3-931F-AC3BEE5A1681}.Debug|Any CPU.ActiveCfg = Debug
		{4588C5FD-C31F-45A3-931F-AC3BEE5A1681}.Release|Any CPU.ActiveCfg = Release
		{4588C5FD-C31F-45A3-931F-AC3BEE5A1681}.Release|Any CPU.Build.0 = Release
	EndGlobalSection
	GlobalSection(SolutionProperties) = preSolution
		HideSolutionNode = FALSE
	EndGlobalSection
	GlobalSection(ExtensibilityGlobals) = postSolution
		SolutionGuid = {B0DD8DE3-1084-4928-A255-62A56C477DCA}
	EndGlobalSection
EndGlobal
